
Microsoft Visual Studio Solution File, Format Version 12.00
# Visual Studio Version 17
VisualStudioVersion = 17.14.36109.1
MinimumVisualStudioVersion = 10.0.40219.1
Project("{FAE04EC0-301F-11D3-BF4B-00C04F79EFBC}") = "CaixaEletronico", "CaixaEletronico\CaixaEletronico.csproj", "{5E0D07DC-EAEC-45DE-9045-149B2375C91F}"
EndProject
Project("{FAE04EC0-301F-11D3-BF4B-00C04F79EFBC}") = "testes", "testes\testes.csproj", "{562ED8CD-F9C9-497E-81B0-0C800C10507E}"
	ProjectSection(ProjectDependencies) = postProject
		{5E0D07DC-EAEC-45DE-9045-149B2375C91F} = {5E0D07DC-EAEC-45DE-9045-149B2375C91F}
	EndProjectSection
EndProject
Global
	GlobalSection(SolutionConfigurationPlatforms) = preSolution
		Debug|Any CPU = Debug|Any CPU
		Release|Any CPU = Release|Any CPU
	EndGlobalSection
	GlobalSection(ProjectConfigurationPlatforms) = postSolution
		{5E0D07DC-EAEC-45DE-9045-149B2375C91F}.Debug|Any CPU.ActiveCfg = Debug|Any CPU
		{5E0D07DC-EAEC-45DE-9045-149B2375C91F}.Debug|Any CPU.Build.0 = Debug|Any CPU
		{5E0D07DC-EAEC-45DE-9045-149B2375C91F}.Release|Any CPU.ActiveCfg = Release|Any CPU
		{5E0D07DC-EAEC-45DE-9045-149B2375C91F}.Release|Any CPU.Build.0 = Release|Any CPU
		{562ED8CD-F9C9-497E-81B0-0C800C10507E}.Debug|Any CPU.ActiveCfg = Debug|Any CPU
		{562ED8CD-F9C9-497E-81B0-0C800C10507E}.Debug|Any CPU.Build.0 = Debug|Any CPU
		{562ED8CD-F9C9-497E-81B0-0C800C10507E}.Release|Any CPU.ActiveCfg = Release|Any CPU
		{562ED8CD-F9C9-497E-81B0-0C800C10507E}.Release|Any CPU.Build.0 = Release|Any CPU
	EndGlobalSection
	GlobalSection(SolutionProperties) = preSolution
		HideSolutionNode = FALSE
	EndGlobalSection
	GlobalSection(ExtensibilityGlobals) = postSolution
		SolutionGuid = {79C90C09-607C-4AF6-8B4F-E5070CF46838}
	EndGlobalSection
EndGlobal
